<?xml version="1.0" encoding="utf-8"?>
<Project ToolsVersion="4.0" xmlns="http://schemas.microsoft.com/developer/msbuild/2003">
  <ItemGroup>
    <Filter Include="Fichiers sources">
      <UniqueIdentifier>{4FC737F1-C7A5-4376-A066-2A32D752A2FF}</UniqueIdentifier>
      <Extensions>cpp;c;cc;cxx;c++;cppm;ixx;def;odl;idl;hpj;bat;asm;asmx</Extensions>
    </Filter>
    <Filter Include="Fichiers d%27en-tête">
      <UniqueIdentifier>{93995380-89BD-4b04-88EB-625FBE52EBFB}</UniqueIdentifier>
      <Extensions>h;hh;hpp;hxx;h++;hm;inl;inc;ipp;xsd</Extensions>
    </Filter>
    <Filter Include="Fichiers de ressources">
      <UniqueIdentifier>{67DA6AB6-F800-4c08-8B7A-83BB121AAD01}</UniqueIdentifier>
      <Extensions>rc;ico;cur;bmp;dlg;rc2;rct;bin;rgs;gif;jpg;jpeg;jpe;resx;tiff;tif;png;wav;mfcribbon-ms</Extensions>
    </Filter>
    <Filter Include="Fichiers d%27en-tête\extern_lib">
      <UniqueIdentifier>{5fe05c97-68cf-4ca4-8aba-ea025350c31e}</UniqueIdentifier>
    </Filter>
    <Filter Include="Fichiers d%27en-tête\extern_lib\logger">
      <UniqueIdentifier>{418edc5d-8ba0-41e5-84a8-5d0827d5e46d}</UniqueIdentifier>
    </Filter>
    <Filter Include="Fichiers sources\extern_lib">
      <UniqueIdentifier>{45af3e2d-2a00-4b3c-9f61-71fc2cfd3621}</UniqueIdentifier>
    </Filter>
    <Filter Include="Fichiers sources\extern_lib\logger">
      <UniqueIdentifier>{79fa91c3-ec08-4c23-88c9-b9e163ceff3c}</UniqueIdentifier>
    </Filter>
  </ItemGroup>
  <ItemGroup>
    <ClCompile Include="http-servor.cpp">
      <Filter>Fichiers sources</Filter>
    </ClCompile>
    <ClCompile Include="HttpServor.cpp">
      <Filter>Fichiers sources</Filter>
    </ClCompile>
    <ClCompile Include="TCPServor.cpp">
      <Filter>Fichiers sources</Filter>
    </ClCompile>
    <ClCompile Include="extern_lib\logger\src\Logger.cpp">
      <Filter>Fichiers sources\extern_lib\logger</Filter>
    </ClCompile>
    <ClCompile Include="extern_lib\logger\src\SubLogger.cpp">
      <Filter>Fichiers sources\extern_lib\logger</Filter>
    </ClCompile>
    <ClCompile Include="TCPServorControler.cpp">
      <Filter>Fichiers sources</Filter>
    </ClCompile>
  </ItemGroup>
  <ItemGroup>
    <ClInclude Include="HttpServor.h">
      <Filter>Fichiers d%27en-tête</Filter>
    </ClInclude>
    <ClInclude Include="TCPServor.h">
      <Filter>Fichiers d%27en-tête</Filter>
    </ClInclude>
    <ClInclude Include="extern_lib\logger\include\Logger.h">
      <Filter>Fichiers d%27en-tête\extern_lib\logger</Filter>
    </ClInclude>
    <ClInclude Include="extern_lib\logger\include\SubLogger.h">
      <Filter>Fichiers d%27en-tête\extern_lib\logger</Filter>
    </ClInclude>
    <ClInclude Include="TCPServorControler.h">
      <Filter>Fichiers d%27en-tête</Filter>
    </ClInclude>
  </ItemGroup>
</Project>